// !$*UTF8*$!
{
	archiveVersion = 1;
	classes = {
	};
	objectVersion = 46;
	objects = {

/* Begin PBXBuildFile section */
		320334F519F2A4E300249D2B /* FriendTableViewCell.swift in Sources */ = {isa = PBXBuildFile; fileRef = 320334F419F2A4E300249D2B /* FriendTableViewCell.swift */; };
		326B767D19F26FE20010D639 /* AppDelegate.swift in Sources */ = {isa = PBXBuildFile; fileRef = 326B767C19F26FE20010D639 /* AppDelegate.swift */; };
		326B768019F26FE20010D639 /* FriendsList.xcdatamodeld in Sources */ = {isa = PBXBuildFile; fileRef = 326B767E19F26FE20010D639 /* FriendsList.xcdatamodeld */; };
		326B768219F26FE20010D639 /* ViewController.swift in Sources */ = {isa = PBXBuildFile; fileRef = 326B768119F26FE20010D639 /* ViewController.swift */; };
		326B768519F26FE20010D639 /* Main.storyboard in Resources */ = {isa = PBXBuildFile; fileRef = 326B768319F26FE20010D639 /* Main.storyboard */; };
		326B768719F26FE20010D639 /* Images.xcassets in Resources */ = {isa = PBXBuildFile; fileRef = 326B768619F26FE20010D639 /* Images.xcassets */; };
		326B768A19F26FE20010D639 /* LaunchScreen.xib in Resources */ = {isa = PBXBuildFile; fileRef = 326B768819F26FE20010D639 /* LaunchScreen.xib */; };
		329D822B19F2ABEB002AC8B2 /* Person.swift in Sources */ = {isa = PBXBuildFile; fileRef = 329D822A19F2ABEB002AC8B2 /* Person.swift */; };
/* End PBXBuildFile section */

/* Begin PBXFileReference section */
		320334F419F2A4E300249D2B /* FriendTableViewCell.swift */ = {isa = PBXFileReference; fileEncoding = 4; lastKnownFileType = sourcecode.swift; path = FriendTableViewCell.swift; sourceTree = "<group>"; };
		326B767719F26FE20010D639 /* FriendsList.app */ = {isa = PBXFileReference; explicitFileType = wrapper.application; includeInIndex = 0; path = FriendsList.app; sourceTree = BUILT_PRODUCTS_DIR; };
		326B767B19F26FE20010D639 /* Info.plist */ = {isa = PBXFileReference; lastKnownFileType = text.plist.xml; path = Info.plist; sourceTree = "<group>"; };
		326B767C19F26FE20010D639 /* AppDelegate.swift */ = {isa = PBXFileReference; lastKnownFileType = sourcecode.swift; path = AppDelegate.swift; sourceTree = "<group>"; };
		326B767F19F26FE20010D639 /* FriendsList.xcdatamodel */ = {isa = PBXFileReference; lastKnownFileType = wrapper.xcdatamodel; path = FriendsList.xcdatamodel; sourceTree = "<group>"; };
		326B768119F26FE20010D639 /* ViewController.swift */ = {isa = PBXFileReference; lastKnownFileType = sourcecode.swift; path = ViewController.swift; sourceTree = "<group>"; };
		326B768419F26FE20010D639 /* Base */ = {isa = PBXFileReference; lastKnownFileType = file.storyboard; name = Base; path = Base.lproj/Main.storyboard; sourceTree = "<group>"; };
		326B768619F26FE20010D639 /* Images.xcassets */ = {isa = PBXFileReference; lastKnownFileType = folder.assetcatalog; path = Images.xcassets; sourceTree = "<group>"; };
		326B768919F26FE20010D639 /* Base */ = {isa = PBXFileReference; lastKnownFileType = file.xib; name = Base; path = Base.lproj/LaunchScreen.xib; sourceTree = "<group>"; };
		329D822A19F2ABEB002AC8B2 /* Person.swift */ = {isa = PBXFileReference; fileEncoding = 4; lastKnownFileType = sourcecode.swift; name = Person.swift; path = "CoreData Models/Person.swift"; sourceTree = "<group>"; };
/* End PBXFileReference section */

/* Begin PBXFrameworksBuildPhase section */
		326B767419F26FE20010D639 /* Frameworks */ = {
			isa = PBXFrameworksBuildPhase;
			buildActionMask = 2147483647;
			files = (
			);
			runOnlyForDeploymentPostprocessing = 0;
		};
/* End PBXFrameworksBuildPhase section */

/* Begin PBXGroup section */
		320334F319F2A4CD00249D2B /* Cell */ = {
			isa = PBXGroup;
			children = (
				320334F419F2A4E300249D2B /* FriendTableViewCell.swift */,
			);
			name = Cell;
			sourceTree = "<group>";
		};
		326B766E19F26FE20010D639 = {
			isa = PBXGroup;
			children = (
				326B767919F26FE20010D639 /* FriendsList */,
				326B767819F26FE20010D639 /* Products */,
			);
			sourceTree = "<group>";
		};
		326B767819F26FE20010D639 /* Products */ = {
			isa = PBXGroup;
			children = (
				326B767719F26FE20010D639 /* FriendsList.app */,
			);
			name = Products;
			sourceTree = "<group>";
		};
		326B767919F26FE20010D639 /* FriendsList */ = {
			isa = PBXGroup;
			children = (
				329D822919F2ABAE002AC8B2 /* CoreData models */,
				320334F319F2A4CD00249D2B /* Cell */,
				326B767C19F26FE20010D639 /* AppDelegate.swift */,
				326B768119F26FE20010D639 /* ViewController.swift */,
				326B768319F26FE20010D639 /* Main.storyboard */,
				326B768619F26FE20010D639 /* Images.xcassets */,
				326B768819F26FE20010D639 /* LaunchScreen.xib */,
				326B767E19F26FE20010D639 /* FriendsList.xcdatamodeld */,
				326B767A19F26FE20010D639 /* Supporting Files */,
			);
			path = FriendsList;
			sourceTree = "<group>";
		};
		326B767A19F26FE20010D639 /* Supporting Files */ = {
			isa = PBXGroup;
			children = (
				326B767B19F26FE20010D639 /* Info.plist */,
			);
			name = "Supporting Files";
			sourceTree = "<group>";
		};
		329D822919F2ABAE002AC8B2 /* CoreData models */ = {
			isa = PBXGroup;
			children = (
				329D822A19F2ABEB002AC8B2 /* Person.swift */,
			);
			name = "CoreData models";
			sourceTree = "<group>";
		};
/* End PBXGroup section */

/* Begin PBXNativeTarget section */
		326B767619F26FE20010D639 /* FriendsList */ = {
			isa = PBXNativeTarget;
			buildConfigurationList = 326B769919F26FE20010D639 /* Build configuration list for PBXNativeTarget "FriendsList" */;
			buildPhases = (
				326B767319F26FE20010D639 /* Sources */,
				326B767419F26FE20010D639 /* Frameworks */,
				326B767519F26FE20010D639 /* Resources */,
			);
			buildRules = (
			);
			dependencies = (
			);
			name = FriendsList;
			productName = FriendsList;
			productReference = 326B767719F26FE20010D639 /* FriendsList.app */;
			productType = "com.apple.product-type.application";
		};
/* End PBXNativeTarget section */

/* Begin PBXProject section */
		326B766F19F26FE20010D639 /* Project object */ = {
			isa = PBXProject;
			attributes = {
				LastUpgradeCheck = 0600;
				ORGANIZATIONNAME = "Yarmolchuk Dima";
				TargetAttributes = {
					326B767619F26FE20010D639 = {
						CreatedOnToolsVersion = 6.0.1;
					};
				};
			};
			buildConfigurationList = 326B767219F26FE20010D639 /* Build configuration list for PBXProject "FriendsList" */;
			compatibilityVersion = "Xcode 3.2";
			developmentRegion = English;
			hasScannedForEncodings = 0;
			knownRegions = (
				en,
				Base,
			);
			mainGroup = 326B766E19F26FE20010D639;
			productRefGroup = 326B767819F26FE20010D639 /* Products */;
			projectDirPath = "";
			projectRoot = "";
			targets = (
				326B767619F26FE20010D639 /* FriendsList */,
			);
		};
/* End PBXProject section */

/* Begin PBXResourcesBuildPhase section */
		326B767519F26FE20010D639 /* Resources */ = {
			isa = PBXResourcesBuildPhase;
			buildActionMask = 2147483647;
			files = (
				326B768519F26FE20010D639 /* Main.storyboard in Resources */,
				326B768A19F26FE20010D639 /* LaunchScreen.xib in Resources */,
				326B768719F26FE20010D639 /* Images.xcassets in Resources */,
			);
			runOnlyForDeploymentPostprocessing = 0;
		};
/* End PBXResourcesBuildPhase section */

/* Begin PBXSourcesBuildPhase section */
		326B767319F26FE20010D639 /* Sources */ = {
			isa = PBXSourcesBuildPhase;
			buildActionMask = 2147483647;
			files = (
				329D822B19F2ABEB002AC8B2 /* Person.swift in Sources */,
				326B768219F26FE20010D639 /* ViewController.swift in Sources */,
				326B767D19F26FE20010D639 /* AppDelegate.swift in Sources */,
				326B768019F26FE20010D639 /* FriendsList.xcdatamodeld in Sources */,
				320334F519F2A4E300249D2B /* FriendTableViewCell.swift in Sources */,
			);
			runOnlyForDeploymentPostprocessing = 0;
		};
/* End PBXSourcesBuildPhase section */

/* Begin PBXVariantGroup section */
		326B768319F26FE20010D639 /* Main.storyboard */ = {
			isa = PBXVariantGroup;
			children = (
				326B768419F26FE20010D639 /* Base */,
			);
			name = Main.storyboard;
			sourceTree = "<group>";
		};
		326B768819F26FE20010D639 /* LaunchScreen.xib */ = {
			isa = PBXVariantGroup;
			children = (
				326B768919F26FE20010D639 /* Base */,
			);
			name = LaunchScreen.xib;
			sourceTree = "<group>";
		};
/* End PBXVariantGroup section */

/* Begin XCBuildConfiguration section */
		326B769719F26FE20010D639 /* Debug */ = {
			isa = XCBuildConfiguration;
			buildSettings = {
				ALWAYS_SEARCH_USER_PATHS = NO;
				CLANG_CXX_LANGUAGE_STANDARD = "gnu++0x";
				CLANG_CXX_LIBRARY = "libc++";
				CLANG_ENABLE_MODULES = YES;
				CLANG_ENABLE_OBJC_ARC = YES;
				CLANG_WARN_BOOL_CONVERSION = YES;
				CLANG_WARN_CONSTANT_CONVERSION = YES;
				CLANG_WARN_DIRECT_OBJC_ISA_USAGE = YES_ERROR;
				CLANG_WARN_EMPTY_BODY = YES;
				CLANG_WARN_ENUM_CONVERSION = YES;
				CLANG_WARN_INT_CONVERSION = YES;
				CLANG_WARN_OBJC_ROOT_CLASS = YES_ERROR;
				CLANG_WARN_UNREACHABLE_CODE = YES;
				CLANG_WARN__DUPLICATE_METHOD_MATCH = YES;
				"CODE_SIGN_IDENTITY[sdk=iphoneos*]" = "iPhone Developer";
				COPY_PHASE_STRIP = NO;
				ENABLE_STRICT_OBJC_MSGSEND = YES;
				GCC_C_LANGUAGE_STANDARD = gnu99;
				GCC_DYNAMIC_NO_PIC = NO;
				GCC_OPTIMIZATION_LEVEL = 0;
				GCC_PREPROCESSOR_DEFINITIONS = (
					"DEBUG=1",
					"$(inherited)",
				);
				GCC_SYMBOLS_PRIVATE_EXTERN = NO;
				GCC_WARN_64_TO_32_BIT_CONVERSION = YES;
				GCC_WARN_ABOUT_RETURN_TYPE = YES_ERROR;
				GCC_WARN_UNDECLARED_SELECTOR = YES;
				GCC_WARN_UNINITIALIZED_AUTOS = YES_AGGRESSIVE;
				GCC_WARN_UNUSED_FUNCTION = YES;
				GCC_WARN_UNUSED_VARIABLE = YES;
				IPHONEOS_DEPLOYMENT_TARGET = 8.0;
				MTL_ENABLE_DEBUG_INFO = YES;
				ONLY_ACTIVE_ARCH = YES;
				SDKROOT = iphoneos;
				SWIFT_OPTIMIZATION_LEVEL = "-Onone";
			};
			name = Debug;
		};
		326B769819F26FE20010D639 /* Release */ = {
			isa = XCBuildConfiguration;
			buildSettings = {
				ALWAYS_SEARCH_USER_PATHS = NO;
				CLANG_CXX_LANGUAGE_STANDARD = "gnu++0x";
				CLANG_CXX_LIBRARY = "libc++";
				CLANG_ENABLE_MODULES = YES;
				CLANG_ENABLE_OBJC_ARC = YES;
				CLANG_WARN_BOOL_CONVERSION = YES;
				CLANG_WARN_CONSTANT_CONVERSION = YES;
				CLANG_WARN_DIRECT_OBJC_ISA_USAGE = YES_ERROR;
				CLANG_WARN_EMPTY_BODY = YES;
				CLANG_WARN_ENUM_CONVERSION = YES;
				CLANG_WARN_INT_CONVERSION = YES;
				CLANG_WARN_OBJC_ROOT_CLASS = YES_ERROR;
				CLANG_WARN_UNREACHABLE_CODE = YES;
				CLANG_WARN__DUPLICATE_METHOD_MATCH = YES;
				"CODE_SIGN_IDENTITY[sdk=iphoneos*]" = "iPhone Developer";
				COPY_PHASE_STRIP = YES;
				ENABLE_NS_ASSERTIONS = NO;
				ENABLE_STRICT_OBJC_MSGSEND = YES;
				GCC_C_LANGUAGE_STANDARD = gnu99;
				GCC_WARN_64_TO_32_BIT_CONVERSION = YES;
				GCC_WARN_ABOUT_RETURN_TYPE = YES_ERROR;
				GCC_WARN_UNDECLARED_SELECTOR = YES;
				GCC_WARN_UNINITIALIZED_AUTOS = YES_AGGRESSIVE;
				GCC_WARN_UNUSED_FUNCTION = YES;
				GCC_WARN_UNUSED_VARIABLE = YES;
				IPHONEOS_DEPLOYMENT_TARGET = 8.0;
				MTL_ENABLE_DEBUG_INFO = NO;
				SDKROOT = iphoneos;
				VALIDATE_PRODUCT = YES;
			};
			name = Release;
		};
		326B769A19F26FE20010D639 /* Debug */ = {
			isa = XCBuildConfiguration;
			buildSettings = {
				ASSETCATALOG_COMPILER_APPICON_NAME = AppIcon;
				INFOPLIST_FILE = FriendsList/Info.plist;
				LD_RUNPATH_SEARCH_PATHS = "$(inherited) @executable_path/Frameworks";
				PRODUCT_NAME = "$(TARGET_NAME)";
			};
			name = Debug;
		};
		326B769B19F26FE20010D639 /* Release */ = {
			isa = XCBuildConfiguration;
			buildSettings = {
				ASSETCATALOG_COMPILER_APPICON_NAME = AppIcon;
				INFOPLIST_FILE = FriendsList/Info.plist;
				LD_RUNPATH_SEARCH_PATHS = "$(inherited) @executable_path/Frameworks";
				PRODUCT_NAME = "$(TARGET_NAME)";
			};
			name = Release;
		};
/* End XCBuildConfiguration section */

/* Begin XCConfigurationList section */
		326B767219F26FE20010D639 /* Build configuration list for PBXProject "FriendsList" */ = {
			isa = XCConfigurationList;
			buildConfigurations = (
				326B769719F26FE20010D639 /* Debug */,
				326B769819F26FE20010D639 /* Release */,
			);
			defaultConfigurationIsVisible = 0;
			defaultConfigurationName = Release;
		};
		326B769919F26FE20010D639 /* Build configuration list for PBXNativeTarget "FriendsList" */ = {
			isa = XCConfigurationList;
			buildConfigurations = (
				326B769A19F26FE20010D639 /* Debug */,
				326B769B19F26FE20010D639 /* Release */,
			);
			defaultConfigurationIsVisible = 0;
			defaultConfigurationName = Release;
		};
/* End XCConfigurationList section */

/* Begin XCVersionGroup section */
		326B767E19F26FE20010D639 /* FriendsList.xcdatamodeld */ = {
			isa = XCVersionGroup;
			children = (
				326B767F19F26FE20010D639 /* FriendsList.xcdatamodel */,
			);
			currentVersion = 326B767F19F26FE20010D639 /* FriendsList.xcdatamodel */;
			path = FriendsList.xcdatamodeld;
			sourceTree = "<group>";
			versionGroupType = wrapper.xcdatamodel;
		};
/* End XCVersionGroup section */
	};
	rootObject = 326B766F19F26FE20010D639 /* Project object */;
}
